// !$*UTF8*$!
{
	archiveVersion = 1;
	classes = {
	};
	objectVersion = 55;
	objects = {

/* Begin PBXBuildFile section */
		C455008A28042AA200914400 /* FastDoc.xcframework in Frameworks */ = {isa = PBXBuildFile; fileRef = C455008828042A9E00914400 /* FastDoc.xcframework */; };
		C455008B28042AA200914400 /* FastDoc.xcframework in Embed Frameworks */ = {isa = PBXBuildFile; fileRef = C455008828042A9E00914400 /* FastDoc.xcframework */; settings = {ATTRIBUTES = (CodeSignOnCopy, RemoveHeadersOnCopy, ); }; };
		C45FC9C827EDC9CB00122F16 /* ResultViewController.m in Sources */ = {isa = PBXBuildFile; fileRef = C45FC9C727EDC9CB00122F16 /* ResultViewController.m */; };
		C45FC9CA27EDCA8900122F16 /* ResultView.xib in Resources */ = {isa = PBXBuildFile; fileRef = C45FC9C927EDCA8900122F16 /* ResultView.xib */; };
		C47402882803FB9D00FF6F19 /* FastDocMobile.lic in Resources */ = {isa = PBXBuildFile; fileRef = C47402872803FB9D00FF6F19 /* FastDocMobile.lic */; };
		C4926C0827C624CA00B9D942 /* AppDelegate.m in Sources */ = {isa = PBXBuildFile; fileRef = C4926C0727C624CA00B9D942 /* AppDelegate.m */; };
		C4926C0E27C624CA00B9D942 /* ViewController.m in Sources */ = {isa = PBXBuildFile; fileRef = C4926C0D27C624CA00B9D942 /* ViewController.m */; };
		C4926C1127C624CA00B9D942 /* Main.storyboard in Resources */ = {isa = PBXBuildFile; fileRef = C4926C0F27C624CA00B9D942 /* Main.storyboard */; };
		C4926C1327C624CD00B9D942 /* Assets.xcassets in Resources */ = {isa = PBXBuildFile; fileRef = C4926C1227C624CD00B9D942 /* Assets.xcassets */; };
		C4926C1627C624CD00B9D942 /* LaunchScreen.storyboard in Resources */ = {isa = PBXBuildFile; fileRef = C4926C1427C624CD00B9D942 /* LaunchScreen.storyboard */; };
		C4926C1927C624CD00B9D942 /* main.m in Sources */ = {isa = PBXBuildFile; fileRef = C4926C1827C624CD00B9D942 /* main.m */; };
		C4926C1F27C6280E00B9D942 /* CustomDocRecognitionViewController.m in Sources */ = {isa = PBXBuildFile; fileRef = C4926C1E27C6280E00B9D942 /* CustomDocRecognitionViewController.m */; };
		C4926C2627C8B66B00B9D942 /* CustomDocRecognitionView.xib in Resources */ = {isa = PBXBuildFile; fileRef = C4926BFE27C620D600B9D942 /* CustomDocRecognitionView.xib */; };
/* End PBXBuildFile section */

/* Begin PBXCopyFilesBuildPhase section */
		C4926C2527C628CD00B9D942 /* Embed Frameworks */ = {
			isa = PBXCopyFilesBuildPhase;
			buildActionMask = 2147483647;
			dstPath = "";
			dstSubfolderSpec = 10;
			files = (
				C455008B28042AA200914400 /* FastDoc.xcframework in Embed Frameworks */,
			);
			name = "Embed Frameworks";
			runOnlyForDeploymentPostprocessing = 0;
		};
/* End PBXCopyFilesBuildPhase section */

/* Begin PBXFileReference section */
		C455008828042A9E00914400 /* FastDoc.xcframework */ = {isa = PBXFileReference; lastKnownFileType = wrapper.xcframework; path = FastDoc.xcframework; sourceTree = "<group>"; };
		C45FC9C627EDC9CB00122F16 /* ResultViewController.h */ = {isa = PBXFileReference; lastKnownFileType = sourcecode.c.h; path = ResultViewController.h; sourceTree = "<group>"; };
		C45FC9C727EDC9CB00122F16 /* ResultViewController.m */ = {isa = PBXFileReference; lastKnownFileType = sourcecode.c.objc; path = ResultViewController.m; sourceTree = "<group>"; };
		C45FC9C927EDCA8900122F16 /* ResultView.xib */ = {isa = PBXFileReference; lastKnownFileType = file.xib; path = ResultView.xib; sourceTree = "<group>"; };
		C47402872803FB9D00FF6F19 /* FastDocMobile.lic */ = {isa = PBXFileReference; fileEncoding = 4; lastKnownFileType = text; path = FastDocMobile.lic; sourceTree = "<group>"; };
		C4926BFE27C620D600B9D942 /* CustomDocRecognitionView.xib */ = {isa = PBXFileReference; lastKnownFileType = file.xib; path = CustomDocRecognitionView.xib; sourceTree = "<group>"; };
		C4926C0427C624CA00B9D942 /* FastDocSample.app */ = {isa = PBXFileReference; explicitFileType = wrapper.application; includeInIndex = 0; path = FastDocSample.app; sourceTree = BUILT_PRODUCTS_DIR; };
		C4926C0627C624CA00B9D942 /* AppDelegate.h */ = {isa = PBXFileReference; lastKnownFileType = sourcecode.c.h; path = AppDelegate.h; sourceTree = "<group>"; };
		C4926C0727C624CA00B9D942 /* AppDelegate.m */ = {isa = PBXFileReference; lastKnownFileType = sourcecode.c.objc; path = AppDelegate.m; sourceTree = "<group>"; };
		C4926C0C27C624CA00B9D942 /* ViewController.h */ = {isa = PBXFileReference; lastKnownFileType = sourcecode.c.h; path = ViewController.h; sourceTree = "<group>"; };
		C4926C0D27C624CA00B9D942 /* ViewController.m */ = {isa = PBXFileReference; lastKnownFileType = sourcecode.c.objc; path = ViewController.m; sourceTree = "<group>"; };
		C4926C1027C624CA00B9D942 /* Base */ = {isa = PBXFileReference; lastKnownFileType = file.storyboard; name = Base; path = Base.lproj/Main.storyboard; sourceTree = "<group>"; };
		C4926C1227C624CD00B9D942 /* Assets.xcassets */ = {isa = PBXFileReference; lastKnownFileType = folder.assetcatalog; path = Assets.xcassets; sourceTree = "<group>"; };
		C4926C1527C624CD00B9D942 /* Base */ = {isa = PBXFileReference; lastKnownFileType = file.storyboard; name = Base; path = Base.lproj/LaunchScreen.storyboard; sourceTree = "<group>"; };
		C4926C1727C624CD00B9D942 /* Info.plist */ = {isa = PBXFileReference; lastKnownFileType = text.plist.xml; path = Info.plist; sourceTree = "<group>"; };
		C4926C1827C624CD00B9D942 /* main.m */ = {isa = PBXFileReference; lastKnownFileType = sourcecode.c.objc; path = main.m; sourceTree = "<group>"; };
		C4926C1D27C6280E00B9D942 /* CustomDocRecognitionViewController.h */ = {isa = PBXFileReference; lastKnownFileType = sourcecode.c.h; path = CustomDocRecognitionViewController.h; sourceTree = "<group>"; };
		C4926C1E27C6280E00B9D942 /* CustomDocRecognitionViewController.m */ = {isa = PBXFileReference; lastKnownFileType = sourcecode.c.objc; path = CustomDocRecognitionViewController.m; sourceTree = "<group>"; };
/* End PBXFileReference section */

/* Begin PBXFrameworksBuildPhase section */
		C4926C0127C624CA00B9D942 /* Frameworks */ = {
			isa = PBXFrameworksBuildPhase;
			buildActionMask = 2147483647;
			files = (
				C455008A28042AA200914400 /* FastDoc.xcframework in Frameworks */,
			);
			runOnlyForDeploymentPostprocessing = 0;
		};
/* End PBXFrameworksBuildPhase section */

/* Begin PBXGroup section */
		C455008728042A9E00914400 /* Library */ = {
			isa = PBXGroup;
			children = (
				C455008828042A9E00914400 /* FastDoc.xcframework */,
			);
			name = Library;
			path = ../../../Library;
			sourceTree = "<group>";
		};
		C47402862803FB9D00FF6F19 /* License */ = {
			isa = PBXGroup;
			children = (
				C47402872803FB9D00FF6F19 /* FastDocMobile.lic */,
			);
			path = License;
			sourceTree = "<group>";
		};
		C4926BE027C617C400B9D942 = {
			isa = PBXGroup;
			children = (
				C4926C0527C624CA00B9D942 /* FastDocSample */,
				C4926BEB27C617C400B9D942 /* Products */,
				C4926C2027C628CD00B9D942 /* Frameworks */,
			);
			sourceTree = "<group>";
		};
		C4926BEB27C617C400B9D942 /* Products */ = {
			isa = PBXGroup;
			children = (
				C4926C0427C624CA00B9D942 /* FastDocSample.app */,
			);
			name = Products;
			sourceTree = "<group>";
		};
		C4926C0527C624CA00B9D942 /* FastDocSample */ = {
			isa = PBXGroup;
			children = (
				C455008728042A9E00914400 /* Library */,
				C47402862803FB9D00FF6F19 /* License */,
				C4926C0627C624CA00B9D942 /* AppDelegate.h */,
				C4926C0727C624CA00B9D942 /* AppDelegate.m */,
				C4926C0C27C624CA00B9D942 /* ViewController.h */,
				C4926C0D27C624CA00B9D942 /* ViewController.m */,
				C45FC9C627EDC9CB00122F16 /* ResultViewController.h */,
				C45FC9C727EDC9CB00122F16 /* ResultViewController.m */,
				C45FC9C927EDCA8900122F16 /* ResultView.xib */,
				C4926C1D27C6280E00B9D942 /* CustomDocRecognitionViewController.h */,
				C4926C1E27C6280E00B9D942 /* CustomDocRecognitionViewController.m */,
				C4926BFE27C620D600B9D942 /* CustomDocRecognitionView.xib */,
				C4926C0F27C624CA00B9D942 /* Main.storyboard */,
				C4926C1227C624CD00B9D942 /* Assets.xcassets */,
				C4926C1427C624CD00B9D942 /* LaunchScreen.storyboard */,
				C4926C1727C624CD00B9D942 /* Info.plist */,
				C4926C1827C624CD00B9D942 /* main.m */,
			);
			path = FastDocSample;
			sourceTree = "<group>";
		};
		C4926C2027C628CD00B9D942 /* Frameworks */ = {
			isa = PBXGroup;
			children = (
			);
			name = Frameworks;
			sourceTree = "<group>";
		};
/* End PBXGroup section */

/* Begin PBXNativeTarget section */
		C4926C0327C624CA00B9D942 /* FastDocSample */ = {
			isa = PBXNativeTarget;
			buildConfigurationList = C4926C1A27C624CD00B9D942 /* Build configuration list for PBXNativeTarget "FastDocSample" */;
			buildPhases = (
				C4926C0027C624CA00B9D942 /* Sources */,
				C4926C0127C624CA00B9D942 /* Frameworks */,
				C4926C0227C624CA00B9D942 /* Resources */,
				C4926C2527C628CD00B9D942 /* Embed Frameworks */,
			);
			buildRules = (
			);
			dependencies = (
			);
			name = FastDocSample;
			productName = FastDocSample;
			productReference = C4926C0427C624CA00B9D942 /* FastDocSample.app */;
			productType = "com.apple.product-type.application";
		};
/* End PBXNativeTarget section */

/* Begin PBXProject section */
		C4926BE127C617C400B9D942 /* Project object */ = {
			isa = PBXProject;
			attributes = {
				BuildIndependentTargetsInParallel = 1;
				LastUpgradeCheck = 1310;
				TargetAttributes = {
					C4926C0327C624CA00B9D942 = {
						CreatedOnToolsVersion = 13.1;
					};
				};
			};
			buildConfigurationList = C4926BE427C617C400B9D942 /* Build configuration list for PBXProject "FastDoc" */;
			compatibilityVersion = "Xcode 13.0";
			developmentRegion = en;
			hasScannedForEncodings = 0;
			knownRegions = (
				en,
				Base,
			);
			mainGroup = C4926BE027C617C400B9D942;
			productRefGroup = C4926BEB27C617C400B9D942 /* Products */;
			projectDirPath = "";
			projectRoot = "";
			targets = (
				C4926C0327C624CA00B9D942 /* FastDocSample */,
			);
		};
/* End PBXProject section */

/* Begin PBXResourcesBuildPhase section */
		C4926C0227C624CA00B9D942 /* Resources */ = {
			isa = PBXResourcesBuildPhase;
			buildActionMask = 2147483647;
			files = (
				C4926C1627C624CD00B9D942 /* LaunchScreen.storyboard in Resources */,
				C47402882803FB9D00FF6F19 /* FastDocMobile.lic in Resources */,
				C4926C1327C624CD00B9D942 /* Assets.xcassets in Resources */,
				C4926C1127C624CA00B9D942 /* Main.storyboard in Resources */,
				C45FC9CA27EDCA8900122F16 /* ResultView.xib in Resources */,
				C4926C2627C8B66B00B9D942 /* CustomDocRecognitionView.xib in Resources */,
			);
			runOnlyForDeploymentPostprocessing = 0;
		};
/* End PBXResourcesBuildPhase section */

/* Begin PBXSourcesBuildPhase section */
		C4926C0027C624CA00B9D942 /* Sources */ = {
			isa = PBXSourcesBuildPhase;
			buildActionMask = 2147483647;
			files = (
				C4926C1F27C6280E00B9D942 /* CustomDocRecognitionViewController.m in Sources */,
				C4926C0E27C624CA00B9D942 /* ViewController.m in Sources */,
				C4926C0827C624CA00B9D942 /* AppDelegate.m in Sources */,
				C45FC9C827EDC9CB00122F16 /* ResultViewController.m in Sources */,
				C4926C1927C624CD00B9D942 /* main.m in Sources */,
			);
			runOnlyForDeploymentPostprocessing = 0;
		};
/* End PBXSourcesBuildPhase section */

/* Begin PBXVariantGroup section */
		C4926C0F27C624CA00B9D942 /* Main.storyboard */ = {
			isa = PBXVariantGroup;
			children = (
				C4926C1027C624CA00B9D942 /* Base */,
			);
			name = Main.storyboard;
			sourceTree = "<group>";
		};
		C4926C1427C624CD00B9D942 /* LaunchScreen.storyboard */ = {
			isa = PBXVariantGroup;
			children = (
				C4926C1527C624CD00B9D942 /* Base */,
			);
			name = LaunchScreen.storyboard;
			sourceTree = "<group>";
		};
/* End PBXVariantGroup section */

/* Begin XCBuildConfiguration section */
		C4926BF127C617C400B9D942 /* Debug */ = {
			isa = XCBuildConfiguration;
			buildSettings = {
				ALWAYS_SEARCH_USER_PATHS = NO;
				CLANG_ANALYZER_NONNULL = YES;
				CLANG_ANALYZER_NUMBER_OBJECT_CONVERSION = YES_AGGRESSIVE;
				CLANG_CXX_LANGUAGE_STANDARD = "gnu++17";
				CLANG_CXX_LIBRARY = "libc++";
				CLANG_ENABLE_MODULES = YES;
				CLANG_ENABLE_OBJC_ARC = YES;
				CLANG_ENABLE_OBJC_WEAK = YES;
				CLANG_WARN_BLOCK_CAPTURE_AUTORELEASING = YES;
				CLANG_WARN_BOOL_CONVERSION = YES;
				CLANG_WARN_COMMA = YES;
				CLANG_WARN_CONSTANT_CONVERSION = YES;
				CLANG_WARN_DEPRECATED_OBJC_IMPLEMENTATIONS = YES;
				CLANG_WARN_DIRECT_OBJC_ISA_USAGE = YES_ERROR;
				CLANG_WARN_DOCUMENTATION_COMMENTS = YES;
				CLANG_WARN_EMPTY_BODY = YES;
				CLANG_WARN_ENUM_CONVERSION = YES;
				CLANG_WARN_INFINITE_RECURSION = YES;
				CLANG_WARN_INT_CONVERSION = YES;
				CLANG_WARN_NON_LITERAL_NULL_CONVERSION = YES;
				CLANG_WARN_OBJC_IMPLICIT_RETAIN_SELF = YES;
				CLANG_WARN_OBJC_LITERAL_CONVERSION = YES;
				CLANG_WARN_OBJC_ROOT_CLASS = YES_ERROR;
				CLANG_WARN_QUOTED_INCLUDE_IN_FRAMEWORK_HEADER = YES;
				CLANG_WARN_RANGE_LOOP_ANALYSIS = YES;
				CLANG_WARN_STRICT_PROTOTYPES = YES;
				CLANG_WARN_SUSPICIOUS_MOVE = YES;
				CLANG_WARN_UNGUARDED_AVAILABILITY = YES_AGGRESSIVE;
				CLANG_WARN_UNREACHABLE_CODE = YES;
				CLANG_WARN__DUPLICATE_METHOD_MATCH = YES;
				COPY_PHASE_STRIP = NO;
				CURRENT_PROJECT_VERSION = 1;
				DEBUG_INFORMATION_FORMAT = dwarf;
				ENABLE_STRICT_OBJC_MSGSEND = YES;
				ENABLE_TESTABILITY = YES;
				GCC_C_LANGUAGE_STANDARD = gnu11;
				GCC_DYNAMIC_NO_PIC = NO;
				GCC_NO_COMMON_BLOCKS = YES;
				GCC_OPTIMIZATION_LEVEL = 0;
				GCC_PREPROCESSOR_DEFINITIONS = (
					"DEBUG=1",
					"$(inherited)",
				);
				GCC_WARN_64_TO_32_BIT_CONVERSION = YES;
				GCC_WARN_ABOUT_RETURN_TYPE = YES_ERROR;
				GCC_WARN_UNDECLARED_SELECTOR = YES;
				GCC_WARN_UNINITIALIZED_AUTOS = YES_AGGRESSIVE;
				GCC_WARN_UNUSED_FUNCTION = YES;
				GCC_WARN_UNUSED_VARIABLE = YES;
				IPHONEOS_DEPLOYMENT_TARGET = 15.0;
				MTL_ENABLE_DEBUG_INFO = INCLUDE_SOURCE;
				MTL_FAST_MATH = YES;
				ONLY_ACTIVE_ARCH = YES;
				SDKROOT = iphoneos;
				VERSIONING_SYSTEM = "apple-generic";
				VERSION_INFO_PREFIX = "";
			};
			name = Debug;
		};
		C4926BF227C617C400B9D942 /* Release */ = {
			isa = XCBuildConfiguration;
			buildSettings = {
				ALWAYS_SEARCH_USER_PATHS = NO;
				CLANG_ANALYZER_NONNULL = YES;
				CLANG_ANALYZER_NUMBER_OBJECT_CONVERSION = YES_AGGRESSIVE;
				CLANG_CXX_LANGUAGE_STANDARD = "gnu++17";
				CLANG_CXX_LIBRARY = "libc++";
				CLANG_ENABLE_MODULES = YES;
				CLANG_ENABLE_OBJC_ARC = YES;
				CLANG_ENABLE_OBJC_WEAK = YES;
				CLANG_WARN_BLOCK_CAPTURE_AUTORELEASING = YES;
				CLANG_WARN_BOOL_CONVERSION = YES;
				CLANG_WARN_COMMA = YES;
				CLANG_WARN_CONSTANT_CONVERSION = YES;
				CLANG_WARN_DEPRECATED_OBJC_IMPLEMENTATIONS = YES;
				CLANG_WARN_DIRECT_OBJC_ISA_USAGE = YES_ERROR;
				CLANG_WARN_DOCUMENTATION_COMMENTS = YES;
				CLANG_WARN_EMPTY_BODY = YES;
				CLANG_WARN_ENUM_CONVERSION = YES;
				CLANG_WARN_INFINITE_RECURSION = YES;
				CLANG_WARN_INT_CONVERSION = YES;
				CLANG_WARN_NON_LITERAL_NULL_CONVERSION = YES;
				CLANG_WARN_OBJC_IMPLICIT_RETAIN_SELF = YES;
				CLANG_WARN_OBJC_LITERAL_CONVERSION = YES;
				CLANG_WARN_OBJC_ROOT_CLASS = YES_ERROR;
				CLANG_WARN_QUOTED_INCLUDE_IN_FRAMEWORK_HEADER = YES;
				CLANG_WARN_RANGE_LOOP_ANALYSIS = YES;
				CLANG_WARN_STRICT_PROTOTYPES = YES;
				CLANG_WARN_SUSPICIOUS_MOVE = YES;
				CLANG_WARN_UNGUARDED_AVAILABILITY = YES_AGGRESSIVE;
				CLANG_WARN_UNREACHABLE_CODE = YES;
				CLANG_WARN__DUPLICATE_METHOD_MATCH = YES;
				COPY_PHASE_STRIP = NO;
				CURRENT_PROJECT_VERSION = 1;
				DEBUG_INFORMATION_FORMAT = "dwarf-with-dsym";
				ENABLE_NS_ASSERTIONS = NO;
				ENABLE_STRICT_OBJC_MSGSEND = YES;
				GCC_C_LANGUAGE_STANDARD = gnu11;
				GCC_NO_COMMON_BLOCKS = YES;
				GCC_WARN_64_TO_32_BIT_CONVERSION = YES;
				GCC_WARN_ABOUT_RETURN_TYPE = YES_ERROR;
				GCC_WARN_UNDECLARED_SELECTOR = YES;
				GCC_WARN_UNINITIALIZED_AUTOS = YES_AGGRESSIVE;
				GCC_WARN_UNUSED_FUNCTION = YES;
				GCC_WARN_UNUSED_VARIABLE = YES;
				IPHONEOS_DEPLOYMENT_TARGET = 15.0;
				MTL_ENABLE_DEBUG_INFO = NO;
				MTL_FAST_MATH = YES;
				SDKROOT = iphoneos;
				VALIDATE_PRODUCT = YES;
				VERSIONING_SYSTEM = "apple-generic";
				VERSION_INFO_PREFIX = "";
			};
			name = Release;
		};
		C4926C1B27C624CD00B9D942 /* Debug */ = {
			isa = XCBuildConfiguration;
			buildSettings = {
				ASSETCATALOG_COMPILER_APPICON_NAME = AppIcon;
				ASSETCATALOG_COMPILER_GLOBAL_ACCENT_COLOR_NAME = AccentColor;
				CODE_SIGN_STYLE = Automatic;
				CURRENT_PROJECT_VERSION = 1;
				DEVELOPMENT_TEAM = F85VP292B4;
				GENERATE_INFOPLIST_FILE = YES;
				INFOPLIST_FILE = FastDocSample/Info.plist;
				INFOPLIST_KEY_NSCameraUsageDescription = "使用相機";
				INFOPLIST_KEY_UIApplicationSupportsIndirectInputEvents = YES;
				INFOPLIST_KEY_UILaunchStoryboardName = LaunchScreen;
				INFOPLIST_KEY_UIMainStoryboardFile = Main;
				INFOPLIST_KEY_UIRequiresFullScreen = YES;
				INFOPLIST_KEY_UISupportedInterfaceOrientations_iPad = "UIInterfaceOrientationPortrait UIInterfaceOrientationPortraitUpsideDown UIInterfaceOrientationLandscapeLeft UIInterfaceOrientationLandscapeRight";
				INFOPLIST_KEY_UISupportedInterfaceOrientations_iPhone = "UIInterfaceOrientationPortrait UIInterfaceOrientationLandscapeLeft UIInterfaceOrientationLandscapeRight";
				IPHONEOS_DEPLOYMENT_TARGET = 10.0;
				LD_RUNPATH_SEARCH_PATHS = (
					"$(inherited)",
					"@executable_path/Frameworks",
				);
				MARKETING_VERSION = 1.0;
				PRODUCT_BUNDLE_IDENTIFIER = com.changingtec.fastdoc.sample;
				PRODUCT_NAME = "$(TARGET_NAME)";
				SWIFT_EMIT_LOC_STRINGS = YES;
				TARGETED_DEVICE_FAMILY = "1,2";
			};
			name = Debug;
		};
		C4926C1C27C624CD00B9D942 /* Release */ = {
			isa = XCBuildConfiguration;
			buildSettings = {
				ASSETCATALOG_COMPILER_APPICON_NAME = AppIcon;
				ASSETCATALOG_COMPILER_GLOBAL_ACCENT_COLOR_NAME = AccentColor;
				CODE_SIGN_STYLE = Automatic;
				CURRENT_PROJECT_VERSION = 1;
				DEVELOPMENT_TEAM = F85VP292B4;
				GENERATE_INFOPLIST_FILE = YES;
				INFOPLIST_FILE = FastDocSample/Info.plist;
				INFOPLIST_KEY_NSCameraUsageDescription = "使用相機";
				INFOPLIST_KEY_UIApplicationSupportsIndirectInputEvents = YES;
				INFOPLIST_KEY_UILaunchStoryboardName = LaunchScreen;
				INFOPLIST_KEY_UIMainStoryboardFile = Main;
				INFOPLIST_KEY_UIRequiresFullScreen = YES;
				INFOPLIST_KEY_UISupportedInterfaceOrientations_iPad = "UIInterfaceOrientationPortrait UIInterfaceOrientationPortraitUpsideDown UIInterfaceOrientationLandscapeLeft UIInterfaceOrientationLandscapeRight";
				INFOPLIST_KEY_UISupportedInterfaceOrientations_iPhone = "UIInterfaceOrientationPortrait UIInterfaceOrientationLandscapeLeft UIInterfaceOrientationLandscapeRight";
				IPHONEOS_DEPLOYMENT_TARGET = 10.0;
				LD_RUNPATH_SEARCH_PATHS = (
					"$(inherited)",
					"@executable_path/Frameworks",
				);
				MARKETING_VERSION = 1.0;
				PRODUCT_BUNDLE_IDENTIFIER = com.changingtec.fastdoc.sample;
				PRODUCT_NAME = "$(TARGET_NAME)";
				SWIFT_EMIT_LOC_STRINGS = YES;
				TARGETED_DEVICE_FAMILY = "1,2";
			};
			name = Release;
		};
/* End XCBuildConfiguration section */

/* Begin XCConfigurationList section */
		C4926BE427C617C400B9D942 /* Build configuration list for PBXProject "FastDoc" */ = {
			isa = XCConfigurationList;
			buildConfigurations = (
				C4926BF127C617C400B9D942 /* Debug */,
				C4926BF227C617C400B9D942 /* Release */,
			);
			defaultConfigurationIsVisible = 0;
			defaultConfigurationName = Release;
		};
		C4926C1A27C624CD00B9D942 /* Build configuration list for PBXNativeTarget "FastDocSample" */ = {
			isa = XCConfigurationList;
			buildConfigurations = (
				C4926C1B27C624CD00B9D942 /* Debug */,
				C4926C1C27C624CD00B9D942 /* Release */,
			);
			defaultConfigurationIsVisible = 0;
			defaultConfigurationName = Release;
		};
/* End XCConfigurationList section */
	};
	rootObject = C4926BE127C617C400B9D942 /* Project object */;
}
